// !$*UTF8*$!
{
	archiveVersion = 1;
	classes = {
	};
	objectVersion = 46;
	objects = {

/* Begin PBXBuildFile section */
		459004931DF5282200ED9618 /* AppDelegate.swift in Sources */ = {isa = PBXBuildFile; fileRef = 459004921DF5282200ED9618 /* AppDelegate.swift */; };
		459004951DF5282200ED9618 /* TableViewController.swift in Sources */ = {isa = PBXBuildFile; fileRef = 459004941DF5282200ED9618 /* TableViewController.swift */; };
		459004981DF5282200ED9618 /* Main.storyboard in Resources */ = {isa = PBXBuildFile; fileRef = 459004961DF5282200ED9618 /* Main.storyboard */; };
		4590049A1DF5282200ED9618 /* Assets.xcassets in Resources */ = {isa = PBXBuildFile; fileRef = 459004991DF5282200ED9618 /* Assets.xcassets */; };
		4590049D1DF5282200ED9618 /* LaunchScreen.storyboard in Resources */ = {isa = PBXBuildFile; fileRef = 4590049B1DF5282200ED9618 /* LaunchScreen.storyboard */; };
		459004A61DF5298000ED9618 /* Cell.swift in Sources */ = {isa = PBXBuildFile; fileRef = 459004A51DF5298000ED9618 /* Cell.swift */; };
		E02F9464DAB273E911431DC4 /* Pods_Sections.framework in Frameworks */ = {isa = PBXBuildFile; fileRef = EB6DEA3922D82F322B491808 /* Pods_Sections.framework */; };
/* End PBXBuildFile section */

/* Begin PBXFileReference section */
		4590048F1DF5282200ED9618 /* Sections.app */ = {isa = PBXFileReference; explicitFileType = wrapper.application; includeInIndex = 0; path = Sections.app; sourceTree = BUILT_PRODUCTS_DIR; };
		459004921DF5282200ED9618 /* AppDelegate.swift */ = {isa = PBXFileReference; lastKnownFileType = sourcecode.swift; path = AppDelegate.swift; sourceTree = "<group>"; };
		459004941DF5282200ED9618 /* TableViewController.swift */ = {isa = PBXFileReference; lastKnownFileType = sourcecode.swift; path = TableViewController.swift; sourceTree = "<group>"; };
		459004971DF5282200ED9618 /* Base */ = {isa = PBXFileReference; lastKnownFileType = file.storyboard; name = Base; path = Base.lproj/Main.storyboard; sourceTree = "<group>"; };
		459004991DF5282200ED9618 /* Assets.xcassets */ = {isa = PBXFileReference; lastKnownFileType = folder.assetcatalog; path = Assets.xcassets; sourceTree = "<group>"; };
		4590049C1DF5282200ED9618 /* Base */ = {isa = PBXFileReference; lastKnownFileType = file.storyboard; name = Base; path = Base.lproj/LaunchScreen.storyboard; sourceTree = "<group>"; };
		4590049E1DF5282200ED9618 /* Info.plist */ = {isa = PBXFileReference; lastKnownFileType = text.plist.xml; path = Info.plist; sourceTree = "<group>"; };
		459004A51DF5298000ED9618 /* Cell.swift */ = {isa = PBXFileReference; fileEncoding = 4; lastKnownFileType = sourcecode.swift; path = Cell.swift; sourceTree = "<group>"; };
		468DD32B8469F2A0585A03B7 /* Pods-Sections.debug.xcconfig */ = {isa = PBXFileReference; includeInIndex = 1; lastKnownFileType = text.xcconfig; name = "Pods-Sections.debug.xcconfig"; path = "Pods/Target Support Files/Pods-Sections/Pods-Sections.debug.xcconfig"; sourceTree = "<group>"; };
		B32E17C03E070C4757DCBDAF /* Pods-Sections.release.xcconfig */ = {isa = PBXFileReference; includeInIndex = 1; lastKnownFileType = text.xcconfig; name = "Pods-Sections.release.xcconfig"; path = "Pods/Target Support Files/Pods-Sections/Pods-Sections.release.xcconfig"; sourceTree = "<group>"; };
		EB6DEA3922D82F322B491808 /* Pods_Sections.framework */ = {isa = PBXFileReference; explicitFileType = wrapper.framework; includeInIndex = 0; path = Pods_Sections.framework; sourceTree = BUILT_PRODUCTS_DIR; };
/* End PBXFileReference section */

/* Begin PBXFrameworksBuildPhase section */
		4590048C1DF5282200ED9618 /* Frameworks */ = {
			isa = PBXFrameworksBuildPhase;
			buildActionMask = 2147483647;
			files = (
				E02F9464DAB273E911431DC4 /* Pods_Sections.framework in Frameworks */,
			);
			runOnlyForDeploymentPostprocessing = 0;
		};
/* End PBXFrameworksBuildPhase section */

/* Begin PBXGroup section */
		459004861DF5282200ED9618 = {
			isa = PBXGroup;
			children = (
				459004911DF5282200ED9618 /* Sections */,
				459004901DF5282200ED9618 /* Products */,
				DE2B8FB85E00B620DF838485 /* Pods */,
				662729AFE1336A0EE6FA4A4B /* Frameworks */,
			);
			sourceTree = "<group>";
		};
		459004901DF5282200ED9618 /* Products */ = {
			isa = PBXGroup;
			children = (
				4590048F1DF5282200ED9618 /* Sections.app */,
			);
			name = Products;
			sourceTree = "<group>";
		};
		459004911DF5282200ED9618 /* Sections */ = {
			isa = PBXGroup;
			children = (
				459004961DF5282200ED9618 /* Main.storyboard */,
				459004941DF5282200ED9618 /* TableViewController.swift */,
				459004A51DF5298000ED9618 /* Cell.swift */,
				459004A41DF5296300ED9618 /* SupportingFiles */,
			);
			path = Sections;
			sourceTree = "<group>";
		};
		459004A41DF5296300ED9618 /* SupportingFiles */ = {
			isa = PBXGroup;
			children = (
				459004921DF5282200ED9618 /* AppDelegate.swift */,
				459004991DF5282200ED9618 /* Assets.xcassets */,
				4590049B1DF5282200ED9618 /* LaunchScreen.storyboard */,
				4590049E1DF5282200ED9618 /* Info.plist */,
			);
			name = SupportingFiles;
			sourceTree = "<group>";
		};
		662729AFE1336A0EE6FA4A4B /* Frameworks */ = {
			isa = PBXGroup;
			children = (
				EB6DEA3922D82F322B491808 /* Pods_Sections.framework */,
			);
			name = Frameworks;
			sourceTree = "<group>";
		};
		DE2B8FB85E00B620DF838485 /* Pods */ = {
			isa = PBXGroup;
			children = (
				468DD32B8469F2A0585A03B7 /* Pods-Sections.debug.xcconfig */,
				B32E17C03E070C4757DCBDAF /* Pods-Sections.release.xcconfig */,
			);
			name = Pods;
			sourceTree = "<group>";
		};
/* End PBXGroup section */

/* Begin PBXNativeTarget section */
		4590048E1DF5282200ED9618 /* Sections */ = {
			isa = PBXNativeTarget;
			buildConfigurationList = 459004A11DF5282200ED9618 /* Build configuration list for PBXNativeTarget "Sections" */;
			buildPhases = (
				FA9AD0651FCA2F4F50F92B3A /* [CP] Check Pods Manifest.lock */,
				4590048B1DF5282200ED9618 /* Sources */,
				4590048C1DF5282200ED9618 /* Frameworks */,
				4590048D1DF5282200ED9618 /* Resources */,
				5A4583B061A04B26AAFA65B0 /* [CP] Embed Pods Frameworks */,
				BC5429659EBCCFF4E5035157 /* [CP] Copy Pods Resources */,
			);
			buildRules = (
			);
			dependencies = (
			);
			name = Sections;
			productName = Sections;
			productReference = 4590048F1DF5282200ED9618 /* Sections.app */;
			productType = "com.apple.product-type.application";
		};
/* End PBXNativeTarget section */

/* Begin PBXProject section */
		459004871DF5282200ED9618 /* Project object */ = {
			isa = PBXProject;
			attributes = {
				LastSwiftUpdateCheck = 0810;
				LastUpgradeCheck = 0810;
				ORGANIZATIONNAME = LuoJie;
				TargetAttributes = {
					4590048E1DF5282200ED9618 = {
						CreatedOnToolsVersion = 8.1;
						DevelopmentTeam = 6BDKUNMM63;
						ProvisioningStyle = Automatic;
					};
				};
			};
			buildConfigurationList = 4590048A1DF5282200ED9618 /* Build configuration list for PBXProject "Sections" */;
			compatibilityVersion = "Xcode 3.2";
			developmentRegion = English;
			hasScannedForEncodings = 0;
			knownRegions = (
				en,
				Base,
			);
			mainGroup = 459004861DF5282200ED9618;
			productRefGroup = 459004901DF5282200ED9618 /* Products */;
			projectDirPath = "";
			projectRoot = "";
			targets = (
				4590048E1DF5282200ED9618 /* Sections */,
			);
		};
/* End PBXProject section */

/* Begin PBXResourcesBuildPhase section */
		4590048D1DF5282200ED9618 /* Resources */ = {
			isa = PBXResourcesBuildPhase;
			buildActionMask = 2147483647;
			files = (
				4590049D1DF5282200ED9618 /* LaunchScreen.storyboard in Resources */,
				4590049A1DF5282200ED9618 /* Assets.xcassets in Resources */,
				459004981DF5282200ED9618 /* Main.storyboard in Resources */,
			);
			runOnlyForDeploymentPostprocessing = 0;
		};
/* End PBXResourcesBuildPhase section */

/* Begin PBXShellScriptBuildPhase section */
		5A4583B061A04B26AAFA65B0 /* [CP] Embed Pods Frameworks */ = {
			isa = PBXShellScriptBuildPhase;
			buildActionMask = 2147483647;
			files = (
			);
			inputPaths = (
			);
			name = "[CP] Embed Pods Frameworks";
			outputPaths = (
			);
			runOnlyForDeploymentPostprocessing = 0;
			shellPath = /bin/sh;
			shellScript = "\"${SRCROOT}/Pods/Target Support Files/Pods-Sections/Pods-Sections-frameworks.sh\"\n";
			showEnvVarsInLog = 0;
		};
		BC5429659EBCCFF4E5035157 /* [CP] Copy Pods Resources */ = {
			isa = PBXShellScriptBuildPhase;
			buildActionMask = 2147483647;
			files = (
			);
			inputPaths = (
			);
			name = "[CP] Copy Pods Resources";
			outputPaths = (
			);
			runOnlyForDeploymentPostprocessing = 0;
			shellPath = /bin/sh;
			shellScript = "\"${SRCROOT}/Pods/Target Support Files/Pods-Sections/Pods-Sections-resources.sh\"\n";
			showEnvVarsInLog = 0;
		};
		FA9AD0651FCA2F4F50F92B3A /* [CP] Check Pods Manifest.lock */ = {
			isa = PBXShellScriptBuildPhase;
			buildActionMask = 2147483647;
			files = (
			);
			inputPaths = (
			);
			name = "[CP] Check Pods Manifest.lock";
			outputPaths = (
			);
			runOnlyForDeploymentPostprocessing = 0;
			shellPath = /bin/sh;
			shellScript = "diff \"${PODS_ROOT}/../Podfile.lock\" \"${PODS_ROOT}/Manifest.lock\" > /dev/null\nif [ $? != 0 ] ; then\n    # print error to STDERR\n    echo \"error: The sandbox is not in sync with the Podfile.lock. Run 'pod install' or update your CocoaPods installation.\" >&2\n    exit 1\nfi\n";
			showEnvVarsInLog = 0;
		};
/* End PBXShellScriptBuildPhase section */

/* Begin PBXSourcesBuildPhase section */
		4590048B1DF5282200ED9618 /* Sources */ = {
			isa = PBXSourcesBuildPhase;
			buildActionMask = 2147483647;
			files = (
				459004951DF5282200ED9618 /* TableViewController.swift in Sources */,
				459004931DF5282200ED9618 /* AppDelegate.swift in Sources */,
				459004A61DF5298000ED9618 /* Cell.swift in Sources */,
			);
			runOnlyForDeploymentPostprocessing = 0;
		};
/* End PBXSourcesBuildPhase section */

/* Begin PBXVariantGroup section */
		459004961DF5282200ED9618 /* Main.storyboard */ = {
			isa = PBXVariantGroup;
			children = (
				459004971DF5282200ED9618 /* Base */,
			);
			name = Main.storyboard;
			sourceTree = "<group>";
		};
		4590049B1DF5282200ED9618 /* LaunchScreen.storyboard */ = {
			isa = PBXVariantGroup;
			children = (
				4590049C1DF5282200ED9618 /* Base */,
			);
			name = LaunchScreen.storyboard;
			sourceTree = "<group>";
		};
/* End PBXVariantGroup section */

/* Begin XCBuildConfiguration section */
		4590049F1DF5282200ED9618 /* Debug */ = {
			isa = XCBuildConfiguration;
			buildSettings = {
				ALWAYS_SEARCH_USER_PATHS = NO;
				CLANG_ANALYZER_NONNULL = YES;
				CLANG_CXX_LANGUAGE_STANDARD = "gnu++0x";
				CLANG_CXX_LIBRARY = "libc++";
				CLANG_ENABLE_MODULES = YES;
				CLANG_ENABLE_OBJC_ARC = YES;
				CLANG_WARN_BOOL_CONVERSION = YES;
				CLANG_WARN_CONSTANT_CONVERSION = YES;
				CLANG_WARN_DIRECT_OBJC_ISA_USAGE = YES_ERROR;
				CLANG_WARN_DOCUMENTATION_COMMENTS = YES;
				CLANG_WARN_EMPTY_BODY = YES;
				CLANG_WARN_ENUM_CONVERSION = YES;
				CLANG_WARN_INFINITE_RECURSION = YES;
				CLANG_WARN_INT_CONVERSION = YES;
				CLANG_WARN_OBJC_ROOT_CLASS = YES_ERROR;
				CLANG_WARN_SUSPICIOUS_MOVES = YES;
				CLANG_WARN_UNREACHABLE_CODE = YES;
				CLANG_WARN__DUPLICATE_METHOD_MATCH = YES;
				"CODE_SIGN_IDENTITY[sdk=iphoneos*]" = "iPhone Developer";
				COPY_PHASE_STRIP = NO;
				DEBUG_INFORMATION_FORMAT = dwarf;
				ENABLE_STRICT_OBJC_MSGSEND = YES;
				ENABLE_TESTABILITY = YES;
				GCC_C_LANGUAGE_STANDARD = gnu99;
				GCC_DYNAMIC_NO_PIC = NO;
				GCC_NO_COMMON_BLOCKS = YES;
				GCC_OPTIMIZATION_LEVEL = 0;
				GCC_PREPROCESSOR_DEFINITIONS = (
					"DEBUG=1",
					"$(inherited)",
				);
				GCC_WARN_64_TO_32_BIT_CONVERSION = YES;
				GCC_WARN_ABOUT_RETURN_TYPE = YES_ERROR;
				GCC_WARN_UNDECLARED_SELECTOR = YES;
				GCC_WARN_UNINITIALIZED_AUTOS = YES_AGGRESSIVE;
				GCC_WARN_UNUSED_FUNCTION = YES;
				GCC_WARN_UNUSED_VARIABLE = YES;
				IPHONEOS_DEPLOYMENT_TARGET = 10.1;
				MTL_ENABLE_DEBUG_INFO = YES;
				ONLY_ACTIVE_ARCH = YES;
				SDKROOT = iphoneos;
				SWIFT_ACTIVE_COMPILATION_CONDITIONS = DEBUG;
				SWIFT_OPTIMIZATION_LEVEL = "-Onone";
				TARGETED_DEVICE_FAMILY = "1,2";
			};
			name = Debug;
		};
		459004A01DF5282200ED9618 /* Release */ = {
			isa = XCBuildConfiguration;
			buildSettings = {
				ALWAYS_SEARCH_USER_PATHS = NO;
				CLANG_ANALYZER_NONNULL = YES;
				CLANG_CXX_LANGUAGE_STANDARD = "gnu++0x";
				CLANG_CXX_LIBRARY = "libc++";
				CLANG_ENABLE_MODULES = YES;
				CLANG_ENABLE_OBJC_ARC = YES;
				CLANG_WARN_BOOL_CONVERSION = YES;
				CLANG_WARN_CONSTANT_CONVERSION = YES;
				CLANG_WARN_DIRECT_OBJC_ISA_USAGE = YES_ERROR;
				CLANG_WARN_DOCUMENTATION_COMMENTS = YES;
				CLANG_WARN_EMPTY_BODY = YES;
				CLANG_WARN_ENUM_CONVERSION = YES;
				CLANG_WARN_INFINITE_RECURSION = YES;
				CLANG_WARN_INT_CONVERSION = YES;
				CLANG_WARN_OBJC_ROOT_CLASS = YES_ERROR;
				CLANG_WARN_SUSPICIOUS_MOVES = YES;
				CLANG_WARN_UNREACHABLE_CODE = YES;
				CLANG_WARN__DUPLICATE_METHOD_MATCH = YES;
				"CODE_SIGN_IDENTITY[sdk=iphoneos*]" = "iPhone Developer";
				COPY_PHASE_STRIP = NO;
				DEBUG_INFORMATION_FORMAT = "dwarf-with-dsym";
				ENABLE_NS_ASSERTIONS = NO;
				ENABLE_STRICT_OBJC_MSGSEND = YES;
				GCC_C_LANGUAGE_STANDARD = gnu99;
				GCC_NO_COMMON_BLOCKS = YES;
				GCC_WARN_64_TO_32_BIT_CONVERSION = YES;
				GCC_WARN_ABOUT_RETURN_TYPE = YES_ERROR;
				GCC_WARN_UNDECLARED_SELECTOR = YES;
				GCC_WARN_UNINITIALIZED_AUTOS = YES_AGGRESSIVE;
				GCC_WARN_UNUSED_FUNCTION = YES;
				GCC_WARN_UNUSED_VARIABLE = YES;
				IPHONEOS_DEPLOYMENT_TARGET = 10.1;
				MTL_ENABLE_DEBUG_INFO = NO;
				SDKROOT = iphoneos;
				SWIFT_OPTIMIZATION_LEVEL = "-Owholemodule";
				TARGETED_DEVICE_FAMILY = "1,2";
				VALIDATE_PRODUCT = YES;
			};
			name = Release;
		};
		459004A21DF5282200ED9618 /* Debug */ = {
			isa = XCBuildConfiguration;
			baseConfigurationReference = 468DD32B8469F2A0585A03B7 /* Pods-Sections.debug.xcconfig */;
			buildSettings = {
				ASSETCATALOG_COMPILER_APPICON_NAME = AppIcon;
				DEVELOPMENT_TEAM = 6BDKUNMM63;
				INFOPLIST_FILE = Sections/Info.plist;
				LD_RUNPATH_SEARCH_PATHS = "$(inherited) @executable_path/Frameworks";
				PRODUCT_BUNDLE_IDENTIFIER = cn.beeth0ven.Sections;
				PRODUCT_NAME = "$(TARGET_NAME)";
				SWIFT_VERSION = 3.0;
			};
			name = Debug;
		};
		459004A31DF5282200ED9618 /* Release */ = {
			isa = XCBuildConfiguration;
			baseConfigurationReference = B32E17C03E070C4757DCBDAF /* Pods-Sections.release.xcconfig */;
			buildSettings = {
				ASSETCATALOG_COMPILER_APPICON_NAME = AppIcon;
				DEVELOPMENT_TEAM = 6BDKUNMM63;
				INFOPLIST_FILE = Sections/Info.plist;
				LD_RUNPATH_SEARCH_PATHS = "$(inherited) @executable_path/Frameworks";
				PRODUCT_BUNDLE_IDENTIFIER = cn.beeth0ven.Sections;
				PRODUCT_NAME = "$(TARGET_NAME)";
				SWIFT_VERSION = 3.0;
			};
			name = Release;
		};
/* End XCBuildConfiguration section */

/* Begin XCConfigurationList section */
		4590048A1DF5282200ED9618 /* Build configuration list for PBXProject "Sections" */ = {
			isa = XCConfigurationList;
			buildConfigurations = (
				4590049F1DF5282200ED9618 /* Debug */,
				459004A01DF5282200ED9618 /* Release */,
			);
			defaultConfigurationIsVisible = 0;
			defaultConfigurationName = Release;
		};
		459004A11DF5282200ED9618 /* Build configuration list for PBXNativeTarget "Sections" */ = {
			isa = XCConfigurationList;
			buildConfigurations = (
				459004A21DF5282200ED9618 /* Debug */,
				459004A31DF5282200ED9618 /* Release */,
			);
			defaultConfigurationIsVisible = 0;
			defaultConfigurationName = Release;
		};
/* End XCConfigurationList section */
	};
	rootObject = 459004871DF5282200ED9618 /* Project object */;
}
